// !$*UTF8*$!
{
	archiveVersion = 1;
	classes = {
	};
	objectVersion = 46;
	objects = {

/* Begin PBXBuildFile section */
		4354394F1BD9D14B00B1E70B /* Post.m in Sources */ = {isa = PBXBuildFile; fileRef = 4354394E1BD9D14B00B1E70B /* Post.m */; };
		435439531BD9D3BB00B1E70B /* Comment.m in Sources */ = {isa = PBXBuildFile; fileRef = 435439521BD9D3BB00B1E70B /* Comment.m */; };
		435439561BD9D5B200B1E70B /* Like.m in Sources */ = {isa = PBXBuildFile; fileRef = 435439551BD9D5B200B1E70B /* Like.m */; };
		435439591BD9D8BA00B1E70B /* User.m in Sources */ = {isa = PBXBuildFile; fileRef = 435439581BD9D8BA00B1E70B /* User.m */; };
		43596CFB1BDB133600E352B2 /* HomeViewController.m in Sources */ = {isa = PBXBuildFile; fileRef = 43596CFA1BDB133600E352B2 /* HomeViewController.m */; };
		43596CFE1BDB13F800E352B2 /* PostHeaderTableViewCell.m in Sources */ = {isa = PBXBuildFile; fileRef = 43596CFD1BDB13F800E352B2 /* PostHeaderTableViewCell.m */; };
		43596D011BDB148900E352B2 /* PostTableViewCell.m in Sources */ = {isa = PBXBuildFile; fileRef = 43596D001BDB148900E352B2 /* PostTableViewCell.m */; };
		A07C0E231BD9877F00BBAED2 /* main.m in Sources */ = {isa = PBXBuildFile; fileRef = A07C0E221BD9877F00BBAED2 /* main.m */; };
		A07C0E261BD9877F00BBAED2 /* AppDelegate.m in Sources */ = {isa = PBXBuildFile; fileRef = A07C0E251BD9877F00BBAED2 /* AppDelegate.m */; };
		A07C0E291BD9877F00BBAED2 /* ViewController.m in Sources */ = {isa = PBXBuildFile; fileRef = A07C0E281BD9877F00BBAED2 /* ViewController.m */; };
		A07C0E2C1BD9877F00BBAED2 /* Main.storyboard in Resources */ = {isa = PBXBuildFile; fileRef = A07C0E2A1BD9877F00BBAED2 /* Main.storyboard */; };
		A07C0E2E1BD9877F00BBAED2 /* Assets.xcassets in Resources */ = {isa = PBXBuildFile; fileRef = A07C0E2D1BD9877F00BBAED2 /* Assets.xcassets */; };
		A07C0E311BD9877F00BBAED2 /* LaunchScreen.storyboard in Resources */ = {isa = PBXBuildFile; fileRef = A07C0E2F1BD9877F00BBAED2 /* LaunchScreen.storyboard */; };
		A07C0E3C1BD9877F00BBAED2 /* PrivyTests.m in Sources */ = {isa = PBXBuildFile; fileRef = A07C0E3B1BD9877F00BBAED2 /* PrivyTests.m */; };
		A07C0E471BD9877F00BBAED2 /* PrivyUITests.m in Sources */ = {isa = PBXBuildFile; fileRef = A07C0E461BD9877F00BBAED2 /* PrivyUITests.m */; };
		A07C0E5B1BD987A300BBAED2 /* Bolts.framework in Frameworks */ = {isa = PBXBuildFile; fileRef = A07C0E541BD987A300BBAED2 /* Bolts.framework */; };
		A07C0E5C1BD987A300BBAED2 /* Parse.framework in Frameworks */ = {isa = PBXBuildFile; fileRef = A07C0E551BD987A300BBAED2 /* Parse.framework */; };
		A07C0E5D1BD987A300BBAED2 /* ParseCrashReporting.framework in Frameworks */ = {isa = PBXBuildFile; fileRef = A07C0E561BD987A300BBAED2 /* ParseCrashReporting.framework */; };
		A07C0E5E1BD987A300BBAED2 /* ParseFacebookUtils.framework in Frameworks */ = {isa = PBXBuildFile; fileRef = A07C0E571BD987A300BBAED2 /* ParseFacebookUtils.framework */; };
		A07C0E5F1BD987A300BBAED2 /* ParseFacebookUtilsV4.framework in Frameworks */ = {isa = PBXBuildFile; fileRef = A07C0E581BD987A300BBAED2 /* ParseFacebookUtilsV4.framework */; };
		A07C0E601BD987A300BBAED2 /* ParseTwitterUtils.framework in Frameworks */ = {isa = PBXBuildFile; fileRef = A07C0E591BD987A300BBAED2 /* ParseTwitterUtils.framework */; };
		A07C0E611BD987A300BBAED2 /* ParseUI.framework in Frameworks */ = {isa = PBXBuildFile; fileRef = A07C0E5A1BD987A300BBAED2 /* ParseUI.framework */; };
		A07C0E641BD987E100BBAED2 /* AudioToolbox.framework in Frameworks */ = {isa = PBXBuildFile; fileRef = A07C0E631BD987E100BBAED2 /* AudioToolbox.framework */; };
		A07C0E661BD987EB00BBAED2 /* CFNetwork.framework in Frameworks */ = {isa = PBXBuildFile; fileRef = A07C0E651BD987EB00BBAED2 /* CFNetwork.framework */; };
		A07C0E681BD987F100BBAED2 /* CoreGraphics.framework in Frameworks */ = {isa = PBXBuildFile; fileRef = A07C0E671BD987F100BBAED2 /* CoreGraphics.framework */; };
		A07C0E6A1BD987FD00BBAED2 /* CoreLocation.framework in Frameworks */ = {isa = PBXBuildFile; fileRef = A07C0E691BD987FD00BBAED2 /* CoreLocation.framework */; };
		A07C0E6C1BD9880600BBAED2 /* QuartzCore.framework in Frameworks */ = {isa = PBXBuildFile; fileRef = A07C0E6B1BD9880500BBAED2 /* QuartzCore.framework */; };
		A07C0E6E1BD9880C00BBAED2 /* Security.framework in Frameworks */ = {isa = PBXBuildFile; fileRef = A07C0E6D1BD9880C00BBAED2 /* Security.framework */; };
		A07C0E701BD9882800BBAED2 /* StoreKit.framework in Frameworks */ = {isa = PBXBuildFile; fileRef = A07C0E6F1BD9882800BBAED2 /* StoreKit.framework */; };
		A07C0E721BD9883000BBAED2 /* SystemConfiguration.framework in Frameworks */ = {isa = PBXBuildFile; fileRef = A07C0E711BD9883000BBAED2 /* SystemConfiguration.framework */; };
		A07C0E741BD9883700BBAED2 /* libz.tbd in Frameworks */ = {isa = PBXBuildFile; fileRef = A07C0E731BD9883700BBAED2 /* libz.tbd */; };
		A07C0E761BD9884A00BBAED2 /* libsqlite3.tbd in Frameworks */ = {isa = PBXBuildFile; fileRef = A07C0E751BD9884A00BBAED2 /* libsqlite3.tbd */; };
		A07C0E781BD9886200BBAED2 /* Accounts.framework in Frameworks */ = {isa = PBXBuildFile; fileRef = A07C0E771BD9886200BBAED2 /* Accounts.framework */; };
		A07C0E7A1BD9886A00BBAED2 /* Social.framework in Frameworks */ = {isa = PBXBuildFile; fileRef = A07C0E791BD9886A00BBAED2 /* Social.framework */; };
		A0F690621BDB2B2500657D3C /* Login:SignUp.storyboard in Resources */ = {isa = PBXBuildFile; fileRef = A0F690611BDB2B2500657D3C /* Login:SignUp.storyboard */; settings = {ASSET_TAGS = (); }; };
		A0F690651BDB394A00657D3C /* SplashLoginViewController.m in Sources */ = {isa = PBXBuildFile; fileRef = A0F690641BDB394A00657D3C /* SplashLoginViewController.m */; settings = {ASSET_TAGS = (); }; };
		A0F690671BDB3E0A00657D3C /* Login.xcassets in Resources */ = {isa = PBXBuildFile; fileRef = A0F690661BDB3E0A00657D3C /* Login.xcassets */; settings = {ASSET_TAGS = (); }; };
		A0F6906A1BDB49FD00657D3C /* LoginViewController.m in Sources */ = {isa = PBXBuildFile; fileRef = A0F690691BDB49FD00657D3C /* LoginViewController.m */; settings = {ASSET_TAGS = (); }; };
		A0F6906D1BDB4A0300657D3C /* SignUpViewController.m in Sources */ = {isa = PBXBuildFile; fileRef = A0F6906C1BDB4A0300657D3C /* SignUpViewController.m */; settings = {ASSET_TAGS = (); }; };
/* End PBXBuildFile section */

/* Begin PBXContainerItemProxy section */
		A07C0E381BD9877F00BBAED2 /* PBXContainerItemProxy */ = {
			isa = PBXContainerItemProxy;
			containerPortal = A07C0E161BD9877F00BBAED2 /* Project object */;
			proxyType = 1;
			remoteGlobalIDString = A07C0E1D1BD9877F00BBAED2;
			remoteInfo = Privy;
		};
		A07C0E431BD9877F00BBAED2 /* PBXContainerItemProxy */ = {
			isa = PBXContainerItemProxy;
			containerPortal = A07C0E161BD9877F00BBAED2 /* Project object */;
			proxyType = 1;
			remoteGlobalIDString = A07C0E1D1BD9877F00BBAED2;
			remoteInfo = Privy;
		};
/* End PBXContainerItemProxy section */

/* Begin PBXFileReference section */
		4354394D1BD9D14B00B1E70B /* Post.h */ = {isa = PBXFileReference; fileEncoding = 4; lastKnownFileType = sourcecode.c.h; path = Post.h; sourceTree = "<group>"; };
		4354394E1BD9D14B00B1E70B /* Post.m */ = {isa = PBXFileReference; fileEncoding = 4; lastKnownFileType = sourcecode.c.objc; path = Post.m; sourceTree = "<group>"; };
		435439511BD9D3BB00B1E70B /* Comment.h */ = {isa = PBXFileReference; fileEncoding = 4; lastKnownFileType = sourcecode.c.h; path = Comment.h; sourceTree = "<group>"; };
		435439521BD9D3BB00B1E70B /* Comment.m */ = {isa = PBXFileReference; fileEncoding = 4; lastKnownFileType = sourcecode.c.objc; path = Comment.m; sourceTree = "<group>"; };
		435439541BD9D5B200B1E70B /* Like.h */ = {isa = PBXFileReference; fileEncoding = 4; lastKnownFileType = sourcecode.c.h; path = Like.h; sourceTree = "<group>"; };
		435439551BD9D5B200B1E70B /* Like.m */ = {isa = PBXFileReference; fileEncoding = 4; lastKnownFileType = sourcecode.c.objc; path = Like.m; sourceTree = "<group>"; };
		435439571BD9D8BA00B1E70B /* User.h */ = {isa = PBXFileReference; fileEncoding = 4; lastKnownFileType = sourcecode.c.h; path = User.h; sourceTree = "<group>"; };
		435439581BD9D8BA00B1E70B /* User.m */ = {isa = PBXFileReference; fileEncoding = 4; lastKnownFileType = sourcecode.c.objc; path = User.m; sourceTree = "<group>"; };
		43596CF91BDB133600E352B2 /* HomeViewController.h */ = {isa = PBXFileReference; fileEncoding = 4; lastKnownFileType = sourcecode.c.h; path = HomeViewController.h; sourceTree = "<group>"; };
		43596CFA1BDB133600E352B2 /* HomeViewController.m */ = {isa = PBXFileReference; fileEncoding = 4; lastKnownFileType = sourcecode.c.objc; path = HomeViewController.m; sourceTree = "<group>"; };
		43596CFC1BDB13F800E352B2 /* PostHeaderTableViewCell.h */ = {isa = PBXFileReference; fileEncoding = 4; lastKnownFileType = sourcecode.c.h; path = PostHeaderTableViewCell.h; sourceTree = "<group>"; };
		43596CFD1BDB13F800E352B2 /* PostHeaderTableViewCell.m */ = {isa = PBXFileReference; fileEncoding = 4; lastKnownFileType = sourcecode.c.objc; path = PostHeaderTableViewCell.m; sourceTree = "<group>"; };
		43596CFF1BDB148900E352B2 /* PostTableViewCell.h */ = {isa = PBXFileReference; fileEncoding = 4; lastKnownFileType = sourcecode.c.h; path = PostTableViewCell.h; sourceTree = "<group>"; };
		43596D001BDB148900E352B2 /* PostTableViewCell.m */ = {isa = PBXFileReference; fileEncoding = 4; lastKnownFileType = sourcecode.c.objc; path = PostTableViewCell.m; sourceTree = "<group>"; };
		A07C0E1E1BD9877F00BBAED2 /* Privy.app */ = {isa = PBXFileReference; explicitFileType = wrapper.application; includeInIndex = 0; path = Privy.app; sourceTree = BUILT_PRODUCTS_DIR; };
		A07C0E221BD9877F00BBAED2 /* main.m */ = {isa = PBXFileReference; lastKnownFileType = sourcecode.c.objc; path = main.m; sourceTree = "<group>"; };
		A07C0E241BD9877F00BBAED2 /* AppDelegate.h */ = {isa = PBXFileReference; lastKnownFileType = sourcecode.c.h; path = AppDelegate.h; sourceTree = "<group>"; };
		A07C0E251BD9877F00BBAED2 /* AppDelegate.m */ = {isa = PBXFileReference; lastKnownFileType = sourcecode.c.objc; path = AppDelegate.m; sourceTree = "<group>"; };
		A07C0E271BD9877F00BBAED2 /* ViewController.h */ = {isa = PBXFileReference; lastKnownFileType = sourcecode.c.h; path = ViewController.h; sourceTree = "<group>"; };
		A07C0E281BD9877F00BBAED2 /* ViewController.m */ = {isa = PBXFileReference; lastKnownFileType = sourcecode.c.objc; path = ViewController.m; sourceTree = "<group>"; };
		A07C0E2B1BD9877F00BBAED2 /* Base */ = {isa = PBXFileReference; lastKnownFileType = file.storyboard; name = Base; path = Base.lproj/Main.storyboard; sourceTree = "<group>"; };
		A07C0E2D1BD9877F00BBAED2 /* Assets.xcassets */ = {isa = PBXFileReference; lastKnownFileType = folder.assetcatalog; path = Assets.xcassets; sourceTree = "<group>"; };
		A07C0E301BD9877F00BBAED2 /* Base */ = {isa = PBXFileReference; lastKnownFileType = file.storyboard; name = Base; path = Base.lproj/LaunchScreen.storyboard; sourceTree = "<group>"; };
		A07C0E321BD9877F00BBAED2 /* Info.plist */ = {isa = PBXFileReference; lastKnownFileType = text.plist.xml; path = Info.plist; sourceTree = "<group>"; };
		A07C0E371BD9877F00BBAED2 /* PrivyTests.xctest */ = {isa = PBXFileReference; explicitFileType = wrapper.cfbundle; includeInIndex = 0; path = PrivyTests.xctest; sourceTree = BUILT_PRODUCTS_DIR; };
		A07C0E3B1BD9877F00BBAED2 /* PrivyTests.m */ = {isa = PBXFileReference; lastKnownFileType = sourcecode.c.objc; path = PrivyTests.m; sourceTree = "<group>"; };
		A07C0E3D1BD9877F00BBAED2 /* Info.plist */ = {isa = PBXFileReference; lastKnownFileType = text.plist.xml; path = Info.plist; sourceTree = "<group>"; };
		A07C0E421BD9877F00BBAED2 /* PrivyUITests.xctest */ = {isa = PBXFileReference; explicitFileType = wrapper.cfbundle; includeInIndex = 0; path = PrivyUITests.xctest; sourceTree = BUILT_PRODUCTS_DIR; };
		A07C0E461BD9877F00BBAED2 /* PrivyUITests.m */ = {isa = PBXFileReference; lastKnownFileType = sourcecode.c.objc; path = PrivyUITests.m; sourceTree = "<group>"; };
		A07C0E481BD9877F00BBAED2 /* Info.plist */ = {isa = PBXFileReference; lastKnownFileType = text.plist.xml; path = Info.plist; sourceTree = "<group>"; };
		A07C0E541BD987A300BBAED2 /* Bolts.framework */ = {isa = PBXFileReference; lastKnownFileType = wrapper.framework; path = Bolts.framework; sourceTree = "<group>"; };
		A07C0E551BD987A300BBAED2 /* Parse.framework */ = {isa = PBXFileReference; lastKnownFileType = wrapper.framework; path = Parse.framework; sourceTree = "<group>"; };
		A07C0E561BD987A300BBAED2 /* ParseCrashReporting.framework */ = {isa = PBXFileReference; lastKnownFileType = wrapper.framework; path = ParseCrashReporting.framework; sourceTree = "<group>"; };
		A07C0E571BD987A300BBAED2 /* ParseFacebookUtils.framework */ = {isa = PBXFileReference; lastKnownFileType = wrapper.framework; path = ParseFacebookUtils.framework; sourceTree = "<group>"; };
		A07C0E581BD987A300BBAED2 /* ParseFacebookUtilsV4.framework */ = {isa = PBXFileReference; lastKnownFileType = wrapper.framework; path = ParseFacebookUtilsV4.framework; sourceTree = "<group>"; };
		A07C0E591BD987A300BBAED2 /* ParseTwitterUtils.framework */ = {isa = PBXFileReference; lastKnownFileType = wrapper.framework; path = ParseTwitterUtils.framework; sourceTree = "<group>"; };
		A07C0E5A1BD987A300BBAED2 /* ParseUI.framework */ = {isa = PBXFileReference; lastKnownFileType = wrapper.framework; path = ParseUI.framework; sourceTree = "<group>"; };
		A07C0E631BD987E100BBAED2 /* AudioToolbox.framework */ = {isa = PBXFileReference; lastKnownFileType = wrapper.framework; name = AudioToolbox.framework; path = System/Library/Frameworks/AudioToolbox.framework; sourceTree = SDKROOT; };
		A07C0E651BD987EB00BBAED2 /* CFNetwork.framework */ = {isa = PBXFileReference; lastKnownFileType = wrapper.framework; name = CFNetwork.framework; path = System/Library/Frameworks/CFNetwork.framework; sourceTree = SDKROOT; };
		A07C0E671BD987F100BBAED2 /* CoreGraphics.framework */ = {isa = PBXFileReference; lastKnownFileType = wrapper.framework; name = CoreGraphics.framework; path = System/Library/Frameworks/CoreGraphics.framework; sourceTree = SDKROOT; };
		A07C0E691BD987FD00BBAED2 /* CoreLocation.framework */ = {isa = PBXFileReference; lastKnownFileType = wrapper.framework; name = CoreLocation.framework; path = System/Library/Frameworks/CoreLocation.framework; sourceTree = SDKROOT; };
		A07C0E6B1BD9880500BBAED2 /* QuartzCore.framework */ = {isa = PBXFileReference; lastKnownFileType = wrapper.framework; name = QuartzCore.framework; path = System/Library/Frameworks/QuartzCore.framework; sourceTree = SDKROOT; };
		A07C0E6D1BD9880C00BBAED2 /* Security.framework */ = {isa = PBXFileReference; lastKnownFileType = wrapper.framework; name = Security.framework; path = System/Library/Frameworks/Security.framework; sourceTree = SDKROOT; };
		A07C0E6F1BD9882800BBAED2 /* StoreKit.framework */ = {isa = PBXFileReference; lastKnownFileType = wrapper.framework; name = StoreKit.framework; path = System/Library/Frameworks/StoreKit.framework; sourceTree = SDKROOT; };
		A07C0E711BD9883000BBAED2 /* SystemConfiguration.framework */ = {isa = PBXFileReference; lastKnownFileType = wrapper.framework; name = SystemConfiguration.framework; path = System/Library/Frameworks/SystemConfiguration.framework; sourceTree = SDKROOT; };
		A07C0E731BD9883700BBAED2 /* libz.tbd */ = {isa = PBXFileReference; lastKnownFileType = "sourcecode.text-based-dylib-definition"; name = libz.tbd; path = usr/lib/libz.tbd; sourceTree = SDKROOT; };
		A07C0E751BD9884A00BBAED2 /* libsqlite3.tbd */ = {isa = PBXFileReference; lastKnownFileType = "sourcecode.text-based-dylib-definition"; name = libsqlite3.tbd; path = usr/lib/libsqlite3.tbd; sourceTree = SDKROOT; };
		A07C0E771BD9886200BBAED2 /* Accounts.framework */ = {isa = PBXFileReference; lastKnownFileType = wrapper.framework; name = Accounts.framework; path = System/Library/Frameworks/Accounts.framework; sourceTree = SDKROOT; };
		A07C0E791BD9886A00BBAED2 /* Social.framework */ = {isa = PBXFileReference; lastKnownFileType = wrapper.framework; name = Social.framework; path = System/Library/Frameworks/Social.framework; sourceTree = SDKROOT; };
		A0F690611BDB2B2500657D3C /* Login:SignUp.storyboard */ = {isa = PBXFileReference; fileEncoding = 4; lastKnownFileType = file.storyboard; path = "Login:SignUp.storyboard"; sourceTree = "<group>"; };
		A0F690631BDB394A00657D3C /* SplashLoginViewController.h */ = {isa = PBXFileReference; fileEncoding = 4; lastKnownFileType = sourcecode.c.h; path = SplashLoginViewController.h; sourceTree = "<group>"; };
		A0F690641BDB394A00657D3C /* SplashLoginViewController.m */ = {isa = PBXFileReference; fileEncoding = 4; lastKnownFileType = sourcecode.c.objc; path = SplashLoginViewController.m; sourceTree = "<group>"; };
		A0F690661BDB3E0A00657D3C /* Login.xcassets */ = {isa = PBXFileReference; lastKnownFileType = folder.assetcatalog; path = Login.xcassets; sourceTree = "<group>"; };
		A0F690681BDB49FD00657D3C /* LoginViewController.h */ = {isa = PBXFileReference; fileEncoding = 4; lastKnownFileType = sourcecode.c.h; path = LoginViewController.h; sourceTree = "<group>"; };
		A0F690691BDB49FD00657D3C /* LoginViewController.m */ = {isa = PBXFileReference; fileEncoding = 4; lastKnownFileType = sourcecode.c.objc; path = LoginViewController.m; sourceTree = "<group>"; };
		A0F6906B1BDB4A0300657D3C /* SignUpViewController.h */ = {isa = PBXFileReference; fileEncoding = 4; lastKnownFileType = sourcecode.c.h; path = SignUpViewController.h; sourceTree = "<group>"; };
		A0F6906C1BDB4A0300657D3C /* SignUpViewController.m */ = {isa = PBXFileReference; fileEncoding = 4; lastKnownFileType = sourcecode.c.objc; path = SignUpViewController.m; sourceTree = "<group>"; };
/* End PBXFileReference section */

/* Begin PBXFrameworksBuildPhase section */
		A07C0E1B1BD9877F00BBAED2 /* Frameworks */ = {
			isa = PBXFrameworksBuildPhase;
			buildActionMask = 2147483647;
			files = (
				A07C0E7A1BD9886A00BBAED2 /* Social.framework in Frameworks */,
				A07C0E781BD9886200BBAED2 /* Accounts.framework in Frameworks */,
				A07C0E761BD9884A00BBAED2 /* libsqlite3.tbd in Frameworks */,
				A07C0E741BD9883700BBAED2 /* libz.tbd in Frameworks */,
				A07C0E721BD9883000BBAED2 /* SystemConfiguration.framework in Frameworks */,
				A07C0E701BD9882800BBAED2 /* StoreKit.framework in Frameworks */,
				A07C0E6E1BD9880C00BBAED2 /* Security.framework in Frameworks */,
				A07C0E6C1BD9880600BBAED2 /* QuartzCore.framework in Frameworks */,
				A07C0E6A1BD987FD00BBAED2 /* CoreLocation.framework in Frameworks */,
				A07C0E681BD987F100BBAED2 /* CoreGraphics.framework in Frameworks */,
				A07C0E661BD987EB00BBAED2 /* CFNetwork.framework in Frameworks */,
				A07C0E641BD987E100BBAED2 /* AudioToolbox.framework in Frameworks */,
				A07C0E5C1BD987A300BBAED2 /* Parse.framework in Frameworks */,
				A07C0E5D1BD987A300BBAED2 /* ParseCrashReporting.framework in Frameworks */,
				A07C0E611BD987A300BBAED2 /* ParseUI.framework in Frameworks */,
				A07C0E5E1BD987A300BBAED2 /* ParseFacebookUtils.framework in Frameworks */,
				A07C0E5B1BD987A300BBAED2 /* Bolts.framework in Frameworks */,
				A07C0E601BD987A300BBAED2 /* ParseTwitterUtils.framework in Frameworks */,
				A07C0E5F1BD987A300BBAED2 /* ParseFacebookUtilsV4.framework in Frameworks */,
			);
			runOnlyForDeploymentPostprocessing = 0;
		};
		A07C0E341BD9877F00BBAED2 /* Frameworks */ = {
			isa = PBXFrameworksBuildPhase;
			buildActionMask = 2147483647;
			files = (
			);
			runOnlyForDeploymentPostprocessing = 0;
		};
		A07C0E3F1BD9877F00BBAED2 /* Frameworks */ = {
			isa = PBXFrameworksBuildPhase;
			buildActionMask = 2147483647;
			files = (
			);
			runOnlyForDeploymentPostprocessing = 0;
		};
/* End PBXFrameworksBuildPhase section */

/* Begin PBXGroup section */
		43596CF61BDB12EA00E352B2 /* Model */ = {
			isa = PBXGroup;
			children = (
				435439571BD9D8BA00B1E70B /* User.h */,
				435439581BD9D8BA00B1E70B /* User.m */,
				4354394D1BD9D14B00B1E70B /* Post.h */,
				4354394E1BD9D14B00B1E70B /* Post.m */,
				435439541BD9D5B200B1E70B /* Like.h */,
				435439551BD9D5B200B1E70B /* Like.m */,
				435439511BD9D3BB00B1E70B /* Comment.h */,
				435439521BD9D3BB00B1E70B /* Comment.m */,
			);
			name = Model;
			sourceTree = "<group>";
		};
		43596CF71BDB12FF00E352B2 /* View */ = {
			isa = PBXGroup;
			children = (
				A0F690611BDB2B2500657D3C /* Login:SignUp.storyboard */,
				A07C0E2A1BD9877F00BBAED2 /* Main.storyboard */,
				A07C0E2F1BD9877F00BBAED2 /* LaunchScreen.storyboard */,
			);
			name = View;
			sourceTree = "<group>";
		};
		43596CF81BDB130700E352B2 /* Controller */ = {
			isa = PBXGroup;
			children = (
				A07C0E271BD9877F00BBAED2 /* ViewController.h */,
				A07C0E281BD9877F00BBAED2 /* ViewController.m */,
				43596CF91BDB133600E352B2 /* HomeViewController.h */,
				43596CFA1BDB133600E352B2 /* HomeViewController.m */,
				43596CFC1BDB13F800E352B2 /* PostHeaderTableViewCell.h */,
				43596CFD1BDB13F800E352B2 /* PostHeaderTableViewCell.m */,
				43596CFF1BDB148900E352B2 /* PostTableViewCell.h */,
				43596D001BDB148900E352B2 /* PostTableViewCell.m */,
				A0F690631BDB394A00657D3C /* SplashLoginViewController.h */,
				A0F690641BDB394A00657D3C /* SplashLoginViewController.m */,
				A0F690681BDB49FD00657D3C /* LoginViewController.h */,
				A0F690691BDB49FD00657D3C /* LoginViewController.m */,
				A0F6906B1BDB4A0300657D3C /* SignUpViewController.h */,
				A0F6906C1BDB4A0300657D3C /* SignUpViewController.m */,
			);
			name = Controller;
			sourceTree = "<group>";
		};
		A07C0E151BD9877F00BBAED2 = {
			isa = PBXGroup;
			children = (
				A07C0E621BD987AA00BBAED2 /* Frameworks */,
				A07C0E201BD9877F00BBAED2 /* Privy */,
				A07C0E3A1BD9877F00BBAED2 /* PrivyTests */,
				A07C0E451BD9877F00BBAED2 /* PrivyUITests */,
				A07C0E1F1BD9877F00BBAED2 /* Products */,
			);
			sourceTree = "<group>";
		};
		A07C0E1F1BD9877F00BBAED2 /* Products */ = {
			isa = PBXGroup;
			children = (
				A07C0E1E1BD9877F00BBAED2 /* Privy.app */,
				A07C0E371BD9877F00BBAED2 /* PrivyTests.xctest */,
				A07C0E421BD9877F00BBAED2 /* PrivyUITests.xctest */,
			);
			name = Products;
			sourceTree = "<group>";
		};
		A07C0E201BD9877F00BBAED2 /* Privy */ = {
			isa = PBXGroup;
			children = (
				43596CF81BDB130700E352B2 /* Controller */,
				43596CF71BDB12FF00E352B2 /* View */,
				43596CF61BDB12EA00E352B2 /* Model */,
				A07C0E211BD9877F00BBAED2 /* Supporting Files */,
			);
			path = Privy;
			sourceTree = "<group>";
		};
		A07C0E211BD9877F00BBAED2 /* Supporting Files */ = {
			isa = PBXGroup;
			children = (
				A07C0E2D1BD9877F00BBAED2 /* Assets.xcassets */,
				A0F690661BDB3E0A00657D3C /* Login.xcassets */,
				A07C0E241BD9877F00BBAED2 /* AppDelegate.h */,
				A07C0E251BD9877F00BBAED2 /* AppDelegate.m */,
				A07C0E321BD9877F00BBAED2 /* Info.plist */,
				A07C0E221BD9877F00BBAED2 /* main.m */,
			);
			name = "Supporting Files";
			sourceTree = "<group>";
		};
		A07C0E3A1BD9877F00BBAED2 /* PrivyTests */ = {
			isa = PBXGroup;
			children = (
				A07C0E3B1BD9877F00BBAED2 /* PrivyTests.m */,
				A07C0E3D1BD9877F00BBAED2 /* Info.plist */,
			);
			path = PrivyTests;
			sourceTree = "<group>";
		};
		A07C0E451BD9877F00BBAED2 /* PrivyUITests */ = {
			isa = PBXGroup;
			children = (
				A07C0E461BD9877F00BBAED2 /* PrivyUITests.m */,
				A07C0E481BD9877F00BBAED2 /* Info.plist */,
			);
			path = PrivyUITests;
			sourceTree = "<group>";
		};
		A07C0E621BD987AA00BBAED2 /* Frameworks */ = {
			isa = PBXGroup;
			children = (
				A07C0E751BD9884A00BBAED2 /* libsqlite3.tbd */,
				A07C0E731BD9883700BBAED2 /* libz.tbd */,
				A07C0E791BD9886A00BBAED2 /* Social.framework */,
				A07C0E771BD9886200BBAED2 /* Accounts.framework */,
				A07C0E711BD9883000BBAED2 /* SystemConfiguration.framework */,
				A07C0E6F1BD9882800BBAED2 /* StoreKit.framework */,
				A07C0E6D1BD9880C00BBAED2 /* Security.framework */,
				A07C0E6B1BD9880500BBAED2 /* QuartzCore.framework */,
				A07C0E691BD987FD00BBAED2 /* CoreLocation.framework */,
				A07C0E671BD987F100BBAED2 /* CoreGraphics.framework */,
				A07C0E651BD987EB00BBAED2 /* CFNetwork.framework */,
				A07C0E631BD987E100BBAED2 /* AudioToolbox.framework */,
				A07C0E541BD987A300BBAED2 /* Bolts.framework */,
				A07C0E551BD987A300BBAED2 /* Parse.framework */,
				A07C0E561BD987A300BBAED2 /* ParseCrashReporting.framework */,
				A07C0E571BD987A300BBAED2 /* ParseFacebookUtils.framework */,
				A07C0E581BD987A300BBAED2 /* ParseFacebookUtilsV4.framework */,
				A07C0E591BD987A300BBAED2 /* ParseTwitterUtils.framework */,
				A07C0E5A1BD987A300BBAED2 /* ParseUI.framework */,
			);
			name = Frameworks;
			sourceTree = "<group>";
		};
/* End PBXGroup section */

/* Begin PBXNativeTarget section */
		A07C0E1D1BD9877F00BBAED2 /* Privy */ = {
			isa = PBXNativeTarget;
			buildConfigurationList = A07C0E4B1BD9877F00BBAED2 /* Build configuration list for PBXNativeTarget "Privy" */;
			buildPhases = (
				A07C0E1A1BD9877F00BBAED2 /* Sources */,
				A07C0E1B1BD9877F00BBAED2 /* Frameworks */,
				A07C0E1C1BD9877F00BBAED2 /* Resources */,
			);
			buildRules = (
			);
			dependencies = (
			);
			name = Privy;
			productName = Privy;
			productReference = A07C0E1E1BD9877F00BBAED2 /* Privy.app */;
			productType = "com.apple.product-type.application";
		};
		A07C0E361BD9877F00BBAED2 /* PrivyTests */ = {
			isa = PBXNativeTarget;
			buildConfigurationList = A07C0E4E1BD9877F00BBAED2 /* Build configuration list for PBXNativeTarget "PrivyTests" */;
			buildPhases = (
				A07C0E331BD9877F00BBAED2 /* Sources */,
				A07C0E341BD9877F00BBAED2 /* Frameworks */,
				A07C0E351BD9877F00BBAED2 /* Resources */,
			);
			buildRules = (
			);
			dependencies = (
				A07C0E391BD9877F00BBAED2 /* PBXTargetDependency */,
			);
			name = PrivyTests;
			productName = PrivyTests;
			productReference = A07C0E371BD9877F00BBAED2 /* PrivyTests.xctest */;
			productType = "com.apple.product-type.bundle.unit-test";
		};
		A07C0E411BD9877F00BBAED2 /* PrivyUITests */ = {
			isa = PBXNativeTarget;
			buildConfigurationList = A07C0E511BD9877F00BBAED2 /* Build configuration list for PBXNativeTarget "PrivyUITests" */;
			buildPhases = (
				A07C0E3E1BD9877F00BBAED2 /* Sources */,
				A07C0E3F1BD9877F00BBAED2 /* Frameworks */,
				A07C0E401BD9877F00BBAED2 /* Resources */,
			);
			buildRules = (
			);
			dependencies = (
				A07C0E441BD9877F00BBAED2 /* PBXTargetDependency */,
			);
			name = PrivyUITests;
			productName = PrivyUITests;
			productReference = A07C0E421BD9877F00BBAED2 /* PrivyUITests.xctest */;
			productType = "com.apple.product-type.bundle.ui-testing";
		};
/* End PBXNativeTarget section */

/* Begin PBXProject section */
		A07C0E161BD9877F00BBAED2 /* Project object */ = {
			isa = PBXProject;
			attributes = {
				LastUpgradeCheck = 0700;
				ORGANIZATIONNAME = "Rajiv Ramaiah Applications";
				TargetAttributes = {
					A07C0E1D1BD9877F00BBAED2 = {
						CreatedOnToolsVersion = 7.0.1;
					};
					A07C0E361BD9877F00BBAED2 = {
						CreatedOnToolsVersion = 7.0.1;
						TestTargetID = A07C0E1D1BD9877F00BBAED2;
					};
					A07C0E411BD9877F00BBAED2 = {
						CreatedOnToolsVersion = 7.0.1;
						TestTargetID = A07C0E1D1BD9877F00BBAED2;
					};
				};
			};
			buildConfigurationList = A07C0E191BD9877F00BBAED2 /* Build configuration list for PBXProject "Privy" */;
			compatibilityVersion = "Xcode 3.2";
			developmentRegion = English;
			hasScannedForEncodings = 0;
			knownRegions = (
				en,
				Base,
			);
			mainGroup = A07C0E151BD9877F00BBAED2;
			productRefGroup = A07C0E1F1BD9877F00BBAED2 /* Products */;
			projectDirPath = "";
			projectRoot = "";
			targets = (
				A07C0E1D1BD9877F00BBAED2 /* Privy */,
				A07C0E361BD9877F00BBAED2 /* PrivyTests */,
				A07C0E411BD9877F00BBAED2 /* PrivyUITests */,
			);
		};
/* End PBXProject section */

/* Begin PBXResourcesBuildPhase section */
		A07C0E1C1BD9877F00BBAED2 /* Resources */ = {
			isa = PBXResourcesBuildPhase;
			buildActionMask = 2147483647;
			files = (
				A07C0E311BD9877F00BBAED2 /* LaunchScreen.storyboard in Resources */,
				A0F690671BDB3E0A00657D3C /* Login.xcassets in Resources */,
				A07C0E2E1BD9877F00BBAED2 /* Assets.xcassets in Resources */,
				A07C0E2C1BD9877F00BBAED2 /* Main.storyboard in Resources */,
				A0F690621BDB2B2500657D3C /* Login:SignUp.storyboard in Resources */,
			);
			runOnlyForDeploymentPostprocessing = 0;
		};
		A07C0E351BD9877F00BBAED2 /* Resources */ = {
			isa = PBXResourcesBuildPhase;
			buildActionMask = 2147483647;
			files = (
			);
			runOnlyForDeploymentPostprocessing = 0;
		};
		A07C0E401BD9877F00BBAED2 /* Resources */ = {
			isa = PBXResourcesBuildPhase;
			buildActionMask = 2147483647;
			files = (
			);
			runOnlyForDeploymentPostprocessing = 0;
		};
/* End PBXResourcesBuildPhase section */

/* Begin PBXSourcesBuildPhase section */
		A07C0E1A1BD9877F00BBAED2 /* Sources */ = {
			isa = PBXSourcesBuildPhase;
			buildActionMask = 2147483647;
			files = (
				A0F690651BDB394A00657D3C /* SplashLoginViewController.m in Sources */,
				43596CFE1BDB13F800E352B2 /* PostHeaderTableViewCell.m in Sources */,
				A07C0E291BD9877F00BBAED2 /* ViewController.m in Sources */,
				435439591BD9D8BA00B1E70B /* User.m in Sources */,
				A07C0E261BD9877F00BBAED2 /* AppDelegate.m in Sources */,
				A07C0E231BD9877F00BBAED2 /* main.m in Sources */,
				435439531BD9D3BB00B1E70B /* Comment.m in Sources */,
				435439561BD9D5B200B1E70B /* Like.m in Sources */,
				A0F6906A1BDB49FD00657D3C /* LoginViewController.m in Sources */,
				4354394F1BD9D14B00B1E70B /* Post.m in Sources */,
				43596CFB1BDB133600E352B2 /* HomeViewController.m in Sources */,
				A0F6906D1BDB4A0300657D3C /* SignUpViewController.m in Sources */,
				43596D011BDB148900E352B2 /* PostTableViewCell.m in Sources */,
			);
			runOnlyForDeploymentPostprocessing = 0;
		};
		A07C0E331BD9877F00BBAED2 /* Sources */ = {
			isa = PBXSourcesBuildPhase;
			buildActionMask = 2147483647;
			files = (
				A07C0E3C1BD9877F00BBAED2 /* PrivyTests.m in Sources */,
			);
			runOnlyForDeploymentPostprocessing = 0;
		};
		A07C0E3E1BD9877F00BBAED2 /* Sources */ = {
			isa = PBXSourcesBuildPhase;
			buildActionMask = 2147483647;
			files = (
				A07C0E471BD9877F00BBAED2 /* PrivyUITests.m in Sources */,
			);
			runOnlyForDeploymentPostprocessing = 0;
		};
/* End PBXSourcesBuildPhase section */

/* Begin PBXTargetDependency section */
		A07C0E391BD9877F00BBAED2 /* PBXTargetDependency */ = {
			isa = PBXTargetDependency;
			target = A07C0E1D1BD9877F00BBAED2 /* Privy */;
			targetProxy = A07C0E381BD9877F00BBAED2 /* PBXContainerItemProxy */;
		};
		A07C0E441BD9877F00BBAED2 /* PBXTargetDependency */ = {
			isa = PBXTargetDependency;
			target = A07C0E1D1BD9877F00BBAED2 /* Privy */;
			targetProxy = A07C0E431BD9877F00BBAED2 /* PBXContainerItemProxy */;
		};
/* End PBXTargetDependency section */

/* Begin PBXVariantGroup section */
		A07C0E2A1BD9877F00BBAED2 /* Main.storyboard */ = {
			isa = PBXVariantGroup;
			children = (
				A07C0E2B1BD9877F00BBAED2 /* Base */,
			);
			name = Main.storyboard;
			sourceTree = "<group>";
		};
		A07C0E2F1BD9877F00BBAED2 /* LaunchScreen.storyboard */ = {
			isa = PBXVariantGroup;
			children = (
				A07C0E301BD9877F00BBAED2 /* Base */,
			);
			name = LaunchScreen.storyboard;
			sourceTree = "<group>";
		};
/* End PBXVariantGroup section */

/* Begin XCBuildConfiguration section */
		A07C0E491BD9877F00BBAED2 /* Debug */ = {
			isa = XCBuildConfiguration;
			buildSettings = {
				ALWAYS_SEARCH_USER_PATHS = NO;
				CLANG_CXX_LANGUAGE_STANDARD = "gnu++0x";
				CLANG_CXX_LIBRARY = "libc++";
				CLANG_ENABLE_MODULES = YES;
				CLANG_ENABLE_OBJC_ARC = YES;
				CLANG_WARN_BOOL_CONVERSION = YES;
				CLANG_WARN_CONSTANT_CONVERSION = YES;
				CLANG_WARN_DIRECT_OBJC_ISA_USAGE = YES_ERROR;
				CLANG_WARN_EMPTY_BODY = YES;
				CLANG_WARN_ENUM_CONVERSION = YES;
				CLANG_WARN_INT_CONVERSION = YES;
				CLANG_WARN_OBJC_ROOT_CLASS = YES_ERROR;
				CLANG_WARN_UNREACHABLE_CODE = YES;
				CLANG_WARN__DUPLICATE_METHOD_MATCH = YES;
				"CODE_SIGN_IDENTITY[sdk=iphoneos*]" = "iPhone Developer";
				COPY_PHASE_STRIP = NO;
				DEBUG_INFORMATION_FORMAT = dwarf;
				ENABLE_STRICT_OBJC_MSGSEND = YES;
				ENABLE_TESTABILITY = YES;
				GCC_C_LANGUAGE_STANDARD = gnu99;
				GCC_DYNAMIC_NO_PIC = NO;
				GCC_NO_COMMON_BLOCKS = YES;
				GCC_OPTIMIZATION_LEVEL = 0;
				GCC_PREPROCESSOR_DEFINITIONS = (
					"DEBUG=1",
					"$(inherited)",
				);
				GCC_WARN_64_TO_32_BIT_CONVERSION = YES;
				GCC_WARN_ABOUT_RETURN_TYPE = YES_ERROR;
				GCC_WARN_UNDECLARED_SELECTOR = YES;
				GCC_WARN_UNINITIALIZED_AUTOS = YES_AGGRESSIVE;
				GCC_WARN_UNUSED_FUNCTION = YES;
				GCC_WARN_UNUSED_VARIABLE = YES;
				IPHONEOS_DEPLOYMENT_TARGET = 9.0;
				MTL_ENABLE_DEBUG_INFO = YES;
				ONLY_ACTIVE_ARCH = YES;
				SDKROOT = iphoneos;
			};
			name = Debug;
		};
		A07C0E4A1BD9877F00BBAED2 /* Release */ = {
			isa = XCBuildConfiguration;
			buildSettings = {
				ALWAYS_SEARCH_USER_PATHS = NO;
				CLANG_CXX_LANGUAGE_STANDARD = "gnu++0x";
				CLANG_CXX_LIBRARY = "libc++";
				CLANG_ENABLE_MODULES = YES;
				CLANG_ENABLE_OBJC_ARC = YES;
				CLANG_WARN_BOOL_CONVERSION = YES;
				CLANG_WARN_CONSTANT_CONVERSION = YES;
				CLANG_WARN_DIRECT_OBJC_ISA_USAGE = YES_ERROR;
				CLANG_WARN_EMPTY_BODY = YES;
				CLANG_WARN_ENUM_CONVERSION = YES;
				CLANG_WARN_INT_CONVERSION = YES;
				CLANG_WARN_OBJC_ROOT_CLASS = YES_ERROR;
				CLANG_WARN_UNREACHABLE_CODE = YES;
				CLANG_WARN__DUPLICATE_METHOD_MATCH = YES;
				"CODE_SIGN_IDENTITY[sdk=iphoneos*]" = "iPhone Developer";
				COPY_PHASE_STRIP = NO;
				DEBUG_INFORMATION_FORMAT = "dwarf-with-dsym";
				ENABLE_NS_ASSERTIONS = NO;
				ENABLE_STRICT_OBJC_MSGSEND = YES;
				GCC_C_LANGUAGE_STANDARD = gnu99;
				GCC_NO_COMMON_BLOCKS = YES;
				GCC_WARN_64_TO_32_BIT_CONVERSION = YES;
				GCC_WARN_ABOUT_RETURN_TYPE = YES_ERROR;
				GCC_WARN_UNDECLARED_SELECTOR = YES;
				GCC_WARN_UNINITIALIZED_AUTOS = YES_AGGRESSIVE;
				GCC_WARN_UNUSED_FUNCTION = YES;
				GCC_WARN_UNUSED_VARIABLE = YES;
				IPHONEOS_DEPLOYMENT_TARGET = 9.0;
				MTL_ENABLE_DEBUG_INFO = NO;
				SDKROOT = iphoneos;
				VALIDATE_PRODUCT = YES;
			};
			name = Release;
		};
		A07C0E4C1BD9877F00BBAED2 /* Debug */ = {
			isa = XCBuildConfiguration;
			buildSettings = {
				ASSETCATALOG_COMPILER_APPICON_NAME = AppIcon;
				FRAMEWORK_SEARCH_PATHS = (
					"$(inherited)",
					"$(PROJECT_DIR)",
				);
				INFOPLIST_FILE = Privy/Info.plist;
				LD_RUNPATH_SEARCH_PATHS = "$(inherited) @executable_path/Frameworks";
				PRODUCT_BUNDLE_IDENTIFIER = "Rajiv-Ramaiah.Privy";
				PRODUCT_NAME = "$(TARGET_NAME)";
			};
			name = Debug;
		};
		A07C0E4D1BD9877F00BBAED2 /* Release */ = {
			isa = XCBuildConfiguration;
			buildSettings = {
				ASSETCATALOG_COMPILER_APPICON_NAME = AppIcon;
				FRAMEWORK_SEARCH_PATHS = (
					"$(inherited)",
					"$(PROJECT_DIR)",
				);
				INFOPLIST_FILE = Privy/Info.plist;
				LD_RUNPATH_SEARCH_PATHS = "$(inherited) @executable_path/Frameworks";
				PRODUCT_BUNDLE_IDENTIFIER = "Rajiv-Ramaiah.Privy";
				PRODUCT_NAME = "$(TARGET_NAME)";
			};
			name = Release;
		};
		A07C0E4F1BD9877F00BBAED2 /* Debug */ = {
			isa = XCBuildConfiguration;
			buildSettings = {
				BUNDLE_LOADER = "$(TEST_HOST)";
				INFOPLIST_FILE = PrivyTests/Info.plist;
				LD_RUNPATH_SEARCH_PATHS = "$(inherited) @executable_path/Frameworks @loader_path/Frameworks";
				PRODUCT_BUNDLE_IDENTIFIER = "Rajiv-Ramaiah.PrivyTests";
				PRODUCT_NAME = "$(TARGET_NAME)";
				TEST_HOST = "$(BUILT_PRODUCTS_DIR)/Privy.app/Privy";
			};
			name = Debug;
		};
		A07C0E501BD9877F00BBAED2 /* Release */ = {
			isa = XCBuildConfiguration;
			buildSettings = {
				BUNDLE_LOADER = "$(TEST_HOST)";
				INFOPLIST_FILE = PrivyTests/Info.plist;
				LD_RUNPATH_SEARCH_PATHS = "$(inherited) @executable_path/Frameworks @loader_path/Frameworks";
				PRODUCT_BUNDLE_IDENTIFIER = "Rajiv-Ramaiah.PrivyTests";
				PRODUCT_NAME = "$(TARGET_NAME)";
				TEST_HOST = "$(BUILT_PRODUCTS_DIR)/Privy.app/Privy";
			};
			name = Release;
		};
		A07C0E521BD9877F00BBAED2 /* Debug */ = {
			isa = XCBuildConfiguration;
			buildSettings = {
				INFOPLIST_FILE = PrivyUITests/Info.plist;
				LD_RUNPATH_SEARCH_PATHS = "$(inherited) @executable_path/Frameworks @loader_path/Frameworks";
				PRODUCT_BUNDLE_IDENTIFIER = "Rajiv-Ramaiah.PrivyUITests";
				PRODUCT_NAME = "$(TARGET_NAME)";
				TEST_TARGET_NAME = Privy;
				USES_XCTRUNNER = YES;
			};
			name = Debug;
		};
		A07C0E531BD9877F00BBAED2 /* Release */ = {
			isa = XCBuildConfiguration;
			buildSettings = {
				INFOPLIST_FILE = PrivyUITests/Info.plist;
				LD_RUNPATH_SEARCH_PATHS = "$(inherited) @executable_path/Frameworks @loader_path/Frameworks";
				PRODUCT_BUNDLE_IDENTIFIER = "Rajiv-Ramaiah.PrivyUITests";
				PRODUCT_NAME = "$(TARGET_NAME)";
				TEST_TARGET_NAME = Privy;
				USES_XCTRUNNER = YES;
			};
			name = Release;
		};
/* End XCBuildConfiguration section */

/* Begin XCConfigurationList section */
		A07C0E191BD9877F00BBAED2 /* Build configuration list for PBXProject "Privy" */ = {
			isa = XCConfigurationList;
			buildConfigurations = (
				A07C0E491BD9877F00BBAED2 /* Debug */,
				A07C0E4A1BD9877F00BBAED2 /* Release */,
			);
			defaultConfigurationIsVisible = 0;
			defaultConfigurationName = Release;
		};
		A07C0E4B1BD9877F00BBAED2 /* Build configuration list for PBXNativeTarget "Privy" */ = {
			isa = XCConfigurationList;
			buildConfigurations = (
				A07C0E4C1BD9877F00BBAED2 /* Debug */,
				A07C0E4D1BD9877F00BBAED2 /* Release */,
			);
			defaultConfigurationIsVisible = 0;
			defaultConfigurationName = Release;
		};
		A07C0E4E1BD9877F00BBAED2 /* Build configuration list for PBXNativeTarget "PrivyTests" */ = {
			isa = XCConfigurationList;
			buildConfigurations = (
				A07C0E4F1BD9877F00BBAED2 /* Debug */,
				A07C0E501BD9877F00BBAED2 /* Release */,
			);
			defaultConfigurationIsVisible = 0;
			defaultConfigurationName = Release;
		};
		A07C0E511BD9877F00BBAED2 /* Build configuration list for PBXNativeTarget "PrivyUITests" */ = {
			isa = XCConfigurationList;
			buildConfigurations = (
				A07C0E521BD9877F00BBAED2 /* Debug */,
				A07C0E531BD9877F00BBAED2 /* Release */,
			);
			defaultConfigurationIsVisible = 0;
			defaultConfigurationName = Release;
		};
/* End XCConfigurationList section */
	};
	rootObject = A07C0E161BD9877F00BBAED2 /* Project object */;
}
